
Microsoft Visual Studio Solution File, Format Version 12.00
# Visual Studio Version 17
VisualStudioVersion = 17.4.33213.308
MinimumVisualStudioVersion = 10.0.40219.1
Project("{FAE04EC0-301F-11D3-BF4B-00C04F79EFBC}") = "Module4_mini_Project", "Module4_mini_Project.csproj", "{722117AD-B729-4594-83D1-E5CFB4CABB84}"
EndProject
Global
	GlobalSection(SolutionConfigurationPlatforms) = preSolution
		Debug|Any CPU = Debug|Any CPU
		Release|Any CPU = Release|Any CPU
	EndGlobalSection
	GlobalSection(ProjectConfigurationPlatforms) = postSolution
		{722117AD-B729-4594-83D1-E5CFB4CABB84}.Debug|Any CPU.ActiveCfg = Debug|Any CPU
		{722117AD-B729-4594-83D1-E5CFB4CABB84}.Debug|Any CPU.Build.0 = Debug|Any CPU
		{722117AD-B729-4594-83D1-E5CFB4CABB84}.Release|Any CPU.ActiveCfg = Release|Any CPU
		{722117AD-B729-4594-83D1-E5CFB4CABB84}.Release|Any CPU.Build.0 = Release|Any CPU
	EndGlobalSection
	GlobalSection(SolutionProperties) = preSolution
		HideSolutionNode = FALSE
	EndGlobalSection
	GlobalSection(ExtensibilityGlobals) = postSolution
		SolutionGuid = {42315CCF-D9FA-437A-A5D3-A4A35DC844B1}
	EndGlobalSection
EndGlobal
